
Microsoft Visual Studio Solution File, Format Version 12.00
# Visual Studio Version 17
VisualStudioVersion = 17.3.32929.385
MinimumVisualStudioVersion = 10.0.40219.1
Project("{FAE04EC0-301F-11D3-BF4B-00C04F79EFBC}") = "S3-Presigned-URL-Check", "S3-Presigned-URL-Check\S3-Presigned-URL-Check.csproj", "{E3C66CDC-5D27-4D62-97FB-53385F0FF597}"
EndProject
Global
	GlobalSection(SolutionConfigurationPlatforms) = preSolution
		Debug|Any CPU = Debug|Any CPU
		Release|Any CPU = Release|Any CPU
	EndGlobalSection
	GlobalSection(ProjectConfigurationPlatforms) = postSolution
		{E3C66CDC-5D27-4D62-97FB-53385F0FF597}.Debug|Any CPU.ActiveCfg = Debug|Any CPU
		{E3C66CDC-5D27-4D62-97FB-53385F0FF597}.Debug|Any CPU.Build.0 = Debug|Any CPU
		{E3C66CDC-5D27-4D62-97FB-53385F0FF597}.Release|Any CPU.ActiveCfg = Release|Any CPU
		{E3C66CDC-5D27-4D62-97FB-53385F0FF597}.Release|Any CPU.Build.0 = Release|Any CPU
	EndGlobalSection
	GlobalSection(SolutionProperties) = preSolution
		HideSolutionNode = FALSE
	EndGlobalSection
	GlobalSection(ExtensibilityGlobals) = postSolution
		SolutionGuid = {D27F7343-2375-4F72-A26F-A4A40E342959}
	EndGlobalSection
EndGlobal
